// !$*UTF8*$!
{
	archiveVersion = 1;
	classes = {
	};
	objectVersion = 50;
	objects = {

/* Begin PBXBuildFile section */
		555222F42329CA0800283887 /* AppDelegate.swift in Sources */ = {isa = PBXBuildFile; fileRef = 555222F32329CA0800283887 /* AppDelegate.swift */; };
		555222F62329CA0800283887 /* ViewController.swift in Sources */ = {isa = PBXBuildFile; fileRef = 555222F52329CA0800283887 /* ViewController.swift */; };
		555222F92329CA0800283887 /* Main.storyboard in Resources */ = {isa = PBXBuildFile; fileRef = 555222F72329CA0800283887 /* Main.storyboard */; };
		555222FB2329CA0900283887 /* Assets.xcassets in Resources */ = {isa = PBXBuildFile; fileRef = 555222FA2329CA0900283887 /* Assets.xcassets */; };
		555222FE2329CA0900283887 /* LaunchScreen.storyboard in Resources */ = {isa = PBXBuildFile; fileRef = 555222FC2329CA0900283887 /* LaunchScreen.storyboard */; };
		555223092329CA0900283887 /* calcIMCTests.swift in Sources */ = {isa = PBXBuildFile; fileRef = 555223082329CA0900283887 /* calcIMCTests.swift */; };
		555223142329CA0900283887 /* calcIMCUITests.swift in Sources */ = {isa = PBXBuildFile; fileRef = 555223132329CA0900283887 /* calcIMCUITests.swift */; };
/* End PBXBuildFile section */

/* Begin PBXContainerItemProxy section */
		555223052329CA0900283887 /* PBXContainerItemProxy */ = {
			isa = PBXContainerItemProxy;
			containerPortal = 555222E82329CA0800283887 /* Project object */;
			proxyType = 1;
			remoteGlobalIDString = 555222EF2329CA0800283887;
			remoteInfo = calcIMC;
		};
		555223102329CA0900283887 /* PBXContainerItemProxy */ = {
			isa = PBXContainerItemProxy;
			containerPortal = 555222E82329CA0800283887 /* Project object */;
			proxyType = 1;
			remoteGlobalIDString = 555222EF2329CA0800283887;
			remoteInfo = calcIMC;
		};
/* End PBXContainerItemProxy section */

/* Begin PBXFileReference section */
		555222F02329CA0800283887 /* calcIMC.app */ = {isa = PBXFileReference; explicitFileType = wrapper.application; includeInIndex = 0; path = calcIMC.app; sourceTree = BUILT_PRODUCTS_DIR; };
		555222F32329CA0800283887 /* AppDelegate.swift */ = {isa = PBXFileReference; lastKnownFileType = sourcecode.swift; path = AppDelegate.swift; sourceTree = "<group>"; };
		555222F52329CA0800283887 /* ViewController.swift */ = {isa = PBXFileReference; lastKnownFileType = sourcecode.swift; path = ViewController.swift; sourceTree = "<group>"; };
		555222F82329CA0800283887 /* Base */ = {isa = PBXFileReference; lastKnownFileType = file.storyboard; name = Base; path = Base.lproj/Main.storyboard; sourceTree = "<group>"; };
		555222FA2329CA0900283887 /* Assets.xcassets */ = {isa = PBXFileReference; lastKnownFileType = folder.assetcatalog; path = Assets.xcassets; sourceTree = "<group>"; };
		555222FD2329CA0900283887 /* Base */ = {isa = PBXFileReference; lastKnownFileType = file.storyboard; name = Base; path = Base.lproj/LaunchScreen.storyboard; sourceTree = "<group>"; };
		555222FF2329CA0900283887 /* Info.plist */ = {isa = PBXFileReference; lastKnownFileType = text.plist.xml; path = Info.plist; sourceTree = "<group>"; };
		555223042329CA0900283887 /* calcIMCTests.xctest */ = {isa = PBXFileReference; explicitFileType = wrapper.cfbundle; includeInIndex = 0; path = calcIMCTests.xctest; sourceTree = BUILT_PRODUCTS_DIR; };
		555223082329CA0900283887 /* calcIMCTests.swift */ = {isa = PBXFileReference; lastKnownFileType = sourcecode.swift; path = calcIMCTests.swift; sourceTree = "<group>"; };
		5552230A2329CA0900283887 /* Info.plist */ = {isa = PBXFileReference; lastKnownFileType = text.plist.xml; path = Info.plist; sourceTree = "<group>"; };
		5552230F2329CA0900283887 /* calcIMCUITests.xctest */ = {isa = PBXFileReference; explicitFileType = wrapper.cfbundle; includeInIndex = 0; path = calcIMCUITests.xctest; sourceTree = BUILT_PRODUCTS_DIR; };
		555223132329CA0900283887 /* calcIMCUITests.swift */ = {isa = PBXFileReference; lastKnownFileType = sourcecode.swift; path = calcIMCUITests.swift; sourceTree = "<group>"; };
		555223152329CA0900283887 /* Info.plist */ = {isa = PBXFileReference; lastKnownFileType = text.plist.xml; path = Info.plist; sourceTree = "<group>"; };
/* End PBXFileReference section */

/* Begin PBXFrameworksBuildPhase section */
		555222ED2329CA0800283887 /* Frameworks */ = {
			isa = PBXFrameworksBuildPhase;
			buildActionMask = 2147483647;
			files = (
			);
			runOnlyForDeploymentPostprocessing = 0;
		};
		555223012329CA0900283887 /* Frameworks */ = {
			isa = PBXFrameworksBuildPhase;
			buildActionMask = 2147483647;
			files = (
			);
			runOnlyForDeploymentPostprocessing = 0;
		};
		5552230C2329CA0900283887 /* Frameworks */ = {
			isa = PBXFrameworksBuildPhase;
			buildActionMask = 2147483647;
			files = (
			);
			runOnlyForDeploymentPostprocessing = 0;
		};
/* End PBXFrameworksBuildPhase section */

/* Begin PBXGroup section */
		555222E72329CA0800283887 = {
			isa = PBXGroup;
			children = (
				555222F22329CA0800283887 /* calcIMC */,
				555223072329CA0900283887 /* calcIMCTests */,
				555223122329CA0900283887 /* calcIMCUITests */,
				555222F12329CA0800283887 /* Products */,
			);
			sourceTree = "<group>";
		};
		555222F12329CA0800283887 /* Products */ = {
			isa = PBXGroup;
			children = (
				555222F02329CA0800283887 /* calcIMC.app */,
				555223042329CA0900283887 /* calcIMCTests.xctest */,
				5552230F2329CA0900283887 /* calcIMCUITests.xctest */,
			);
			name = Products;
			sourceTree = "<group>";
		};
		555222F22329CA0800283887 /* calcIMC */ = {
			isa = PBXGroup;
			children = (
				555222F32329CA0800283887 /* AppDelegate.swift */,
				555222F52329CA0800283887 /* ViewController.swift */,
				555222F72329CA0800283887 /* Main.storyboard */,
				555222FA2329CA0900283887 /* Assets.xcassets */,
				555222FC2329CA0900283887 /* LaunchScreen.storyboard */,
				555222FF2329CA0900283887 /* Info.plist */,
			);
			path = calcIMC;
			sourceTree = "<group>";
		};
		555223072329CA0900283887 /* calcIMCTests */ = {
			isa = PBXGroup;
			children = (
				555223082329CA0900283887 /* calcIMCTests.swift */,
				5552230A2329CA0900283887 /* Info.plist */,
			);
			path = calcIMCTests;
			sourceTree = "<group>";
		};
		555223122329CA0900283887 /* calcIMCUITests */ = {
			isa = PBXGroup;
			children = (
				555223132329CA0900283887 /* calcIMCUITests.swift */,
				555223152329CA0900283887 /* Info.plist */,
			);
			path = calcIMCUITests;
			sourceTree = "<group>";
		};
/* End PBXGroup section */

/* Begin PBXNativeTarget section */
		555222EF2329CA0800283887 /* calcIMC */ = {
			isa = PBXNativeTarget;
			buildConfigurationList = 555223182329CA0900283887 /* Build configuration list for PBXNativeTarget "calcIMC" */;
			buildPhases = (
				555222EC2329CA0800283887 /* Sources */,
				555222ED2329CA0800283887 /* Frameworks */,
				555222EE2329CA0800283887 /* Resources */,
			);
			buildRules = (
			);
			dependencies = (
			);
			name = calcIMC;
			productName = calcIMC;
			productReference = 555222F02329CA0800283887 /* calcIMC.app */;
			productType = "com.apple.product-type.application";
		};
		555223032329CA0900283887 /* calcIMCTests */ = {
			isa = PBXNativeTarget;
			buildConfigurationList = 5552231B2329CA0900283887 /* Build configuration list for PBXNativeTarget "calcIMCTests" */;
			buildPhases = (
				555223002329CA0900283887 /* Sources */,
				555223012329CA0900283887 /* Frameworks */,
				555223022329CA0900283887 /* Resources */,
			);
			buildRules = (
			);
			dependencies = (
				555223062329CA0900283887 /* PBXTargetDependency */,
			);
			name = calcIMCTests;
			productName = calcIMCTests;
			productReference = 555223042329CA0900283887 /* calcIMCTests.xctest */;
			productType = "com.apple.product-type.bundle.unit-test";
		};
		5552230E2329CA0900283887 /* calcIMCUITests */ = {
			isa = PBXNativeTarget;
			buildConfigurationList = 5552231E2329CA0900283887 /* Build configuration list for PBXNativeTarget "calcIMCUITests" */;
			buildPhases = (
				5552230B2329CA0900283887 /* Sources */,
				5552230C2329CA0900283887 /* Frameworks */,
				5552230D2329CA0900283887 /* Resources */,
			);
			buildRules = (
			);
			dependencies = (
				555223112329CA0900283887 /* PBXTargetDependency */,
			);
			name = calcIMCUITests;
			productName = calcIMCUITests;
			productReference = 5552230F2329CA0900283887 /* calcIMCUITests.xctest */;
			productType = "com.apple.product-type.bundle.ui-testing";
		};
/* End PBXNativeTarget section */

/* Begin PBXProject section */
		555222E82329CA0800283887 /* Project object */ = {
			isa = PBXProject;
			attributes = {
				LastSwiftUpdateCheck = 1010;
				LastUpgradeCheck = 1010;
				ORGANIZATIONNAME = Felipe;
				TargetAttributes = {
					555222EF2329CA0800283887 = {
						CreatedOnToolsVersion = 10.1;
					};
					555223032329CA0900283887 = {
						CreatedOnToolsVersion = 10.1;
						TestTargetID = 555222EF2329CA0800283887;
					};
					5552230E2329CA0900283887 = {
						CreatedOnToolsVersion = 10.1;
						TestTargetID = 555222EF2329CA0800283887;
					};
				};
			};
			buildConfigurationList = 555222EB2329CA0800283887 /* Build configuration list for PBXProject "calcIMC" */;
			compatibilityVersion = "Xcode 9.3";
			developmentRegion = en;
			hasScannedForEncodings = 0;
			knownRegions = (
				en,
				Base,
			);
			mainGroup = 555222E72329CA0800283887;
			productRefGroup = 555222F12329CA0800283887 /* Products */;
			projectDirPath = "";
			projectRoot = "";
			targets = (
				555222EF2329CA0800283887 /* calcIMC */,
				555223032329CA0900283887 /* calcIMCTests */,
				5552230E2329CA0900283887 /* calcIMCUITests */,
			);
		};
/* End PBXProject section */

/* Begin PBXResourcesBuildPhase section */
		555222EE2329CA0800283887 /* Resources */ = {
			isa = PBXResourcesBuildPhase;
			buildActionMask = 2147483647;
			files = (
				555222FE2329CA0900283887 /* LaunchScreen.storyboard in Resources */,
				555222FB2329CA0900283887 /* Assets.xcassets in Resources */,
				555222F92329CA0800283887 /* Main.storyboard in Resources */,
			);
			runOnlyForDeploymentPostprocessing = 0;
		};
		555223022329CA0900283887 /* Resources */ = {
			isa = PBXResourcesBuildPhase;
			buildActionMask = 2147483647;
			files = (
			);
			runOnlyForDeploymentPostprocessing = 0;
		};
		5552230D2329CA0900283887 /* Resources */ = {
			isa = PBXResourcesBuildPhase;
			buildActionMask = 2147483647;
			files = (
			);
			runOnlyForDeploymentPostprocessing = 0;
		};
/* End PBXResourcesBuildPhase section */

/* Begin PBXSourcesBuildPhase section */
		555222EC2329CA0800283887 /* Sources */ = {
			isa = PBXSourcesBuildPhase;
			buildActionMask = 2147483647;
			files = (
				555222F62329CA0800283887 /* ViewController.swift in Sources */,
				555222F42329CA0800283887 /* AppDelegate.swift in Sources */,
			);
			runOnlyForDeploymentPostprocessing = 0;
		};
		555223002329CA0900283887 /* Sources */ = {
			isa = PBXSourcesBuildPhase;
			buildActionMask = 2147483647;
			files = (
				555223092329CA0900283887 /* calcIMCTests.swift in Sources */,
			);
			runOnlyForDeploymentPostprocessing = 0;
		};
		5552230B2329CA0900283887 /* Sources */ = {
			isa = PBXSourcesBuildPhase;
			buildActionMask = 2147483647;
			files = (
				555223142329CA0900283887 /* calcIMCUITests.swift in Sources */,
			);
			runOnlyForDeploymentPostprocessing = 0;
		};
/* End PBXSourcesBuildPhase section */

/* Begin PBXTargetDependency section */
		555223062329CA0900283887 /* PBXTargetDependency */ = {
			isa = PBXTargetDependency;
			target = 555222EF2329CA0800283887 /* calcIMC */;
			targetProxy = 555223052329CA0900283887 /* PBXContainerItemProxy */;
		};
		555223112329CA0900283887 /* PBXTargetDependency */ = {
			isa = PBXTargetDependency;
			target = 555222EF2329CA0800283887 /* calcIMC */;
			targetProxy = 555223102329CA0900283887 /* PBXContainerItemProxy */;
		};
/* End PBXTargetDependency section */

/* Begin PBXVariantGroup section */
		555222F72329CA0800283887 /* Main.storyboard */ = {
			isa = PBXVariantGroup;
			children = (
				555222F82329CA0800283887 /* Base */,
			);
			name = Main.storyboard;
			sourceTree = "<group>";
		};
		555222FC2329CA0900283887 /* LaunchScreen.storyboard */ = {
			isa = PBXVariantGroup;
			children = (
				555222FD2329CA0900283887 /* Base */,
			);
			name = LaunchScreen.storyboard;
			sourceTree = "<group>";
		};
/* End PBXVariantGroup section */

/* Begin XCBuildConfiguration section */
		555223162329CA0900283887 /* Debug */ = {
			isa = XCBuildConfiguration;
			buildSettings = {
				ALWAYS_SEARCH_USER_PATHS = NO;
				CLANG_ANALYZER_NONNULL = YES;
				CLANG_ANALYZER_NUMBER_OBJECT_CONVERSION = YES_AGGRESSIVE;
				CLANG_CXX_LANGUAGE_STANDARD = "gnu++14";
				CLANG_CXX_LIBRARY = "libc++";
				CLANG_ENABLE_MODULES = YES;
				CLANG_ENABLE_OBJC_ARC = YES;
				CLANG_ENABLE_OBJC_WEAK = YES;
				CLANG_WARN_BLOCK_CAPTURE_AUTORELEASING = YES;
				CLANG_WARN_BOOL_CONVERSION = YES;
				CLANG_WARN_COMMA = YES;
				CLANG_WARN_CONSTANT_CONVERSION = YES;
				CLANG_WARN_DEPRECATED_OBJC_IMPLEMENTATIONS = YES;
				CLANG_WARN_DIRECT_OBJC_ISA_USAGE = YES_ERROR;
				CLANG_WARN_DOCUMENTATION_COMMENTS = YES;
				CLANG_WARN_EMPTY_BODY = YES;
				CLANG_WARN_ENUM_CONVERSION = YES;
				CLANG_WARN_INFINITE_RECURSION = YES;
				CLANG_WARN_INT_CONVERSION = YES;
				CLANG_WARN_NON_LITERAL_NULL_CONVERSION = YES;
				CLANG_WARN_OBJC_IMPLICIT_RETAIN_SELF = YES;
				CLANG_WARN_OBJC_LITERAL_CONVERSION = YES;
				CLANG_WARN_OBJC_ROOT_CLASS = YES_ERROR;
				CLANG_WARN_RANGE_LOOP_ANALYSIS = YES;
				CLANG_WARN_STRICT_PROTOTYPES = YES;
				CLANG_WARN_SUSPICIOUS_MOVE = YES;
				CLANG_WARN_UNGUARDED_AVAILABILITY = YES_AGGRESSIVE;
				CLANG_WARN_UNREACHABLE_CODE = YES;
				CLANG_WARN__DUPLICATE_METHOD_MATCH = YES;
				CODE_SIGN_IDENTITY = "iPhone Developer";
				COPY_PHASE_STRIP = NO;
				DEBUG_INFORMATION_FORMAT = dwarf;
				ENABLE_STRICT_OBJC_MSGSEND = YES;
				ENABLE_TESTABILITY = YES;
				GCC_C_LANGUAGE_STANDARD = gnu11;
				GCC_DYNAMIC_NO_PIC = NO;
				GCC_NO_COMMON_BLOCKS = YES;
				GCC_OPTIMIZATION_LEVEL = 0;
				GCC_PREPROCESSOR_DEFINITIONS = (
					"DEBUG=1",
					"$(inherited)",
				);
				GCC_WARN_64_TO_32_BIT_CONVERSION = YES;
				GCC_WARN_ABOUT_RETURN_TYPE = YES_ERROR;
				GCC_WARN_UNDECLARED_SELECTOR = YES;
				GCC_WARN_UNINITIALIZED_AUTOS = YES_AGGRESSIVE;
				GCC_WARN_UNUSED_FUNCTION = YES;
				GCC_WARN_UNUSED_VARIABLE = YES;
				IPHONEOS_DEPLOYMENT_TARGET = 12.1;
				MTL_ENABLE_DEBUG_INFO = INCLUDE_SOURCE;
				MTL_FAST_MATH = YES;
				ONLY_ACTIVE_ARCH = YES;
				SDKROOT = iphoneos;
				SWIFT_ACTIVE_COMPILATION_CONDITIONS = DEBUG;
				SWIFT_OPTIMIZATION_LEVEL = "-Onone";
			};
			name = Debug;
		};
		555223172329CA0900283887 /* Release */ = {
			isa = XCBuildConfiguration;
			buildSettings = {
				ALWAYS_SEARCH_USER_PATHS = NO;
				CLANG_ANALYZER_NONNULL = YES;
				CLANG_ANALYZER_NUMBER_OBJECT_CONVERSION = YES_AGGRESSIVE;
				CLANG_CXX_LANGUAGE_STANDARD = "gnu++14";
				CLANG_CXX_LIBRARY = "libc++";
				CLANG_ENABLE_MODULES = YES;
				CLANG_ENABLE_OBJC_ARC = YES;
				CLANG_ENABLE_OBJC_WEAK = YES;
				CLANG_WARN_BLOCK_CAPTURE_AUTORELEASING = YES;
				CLANG_WARN_BOOL_CONVERSION = YES;
				CLANG_WARN_COMMA = YES;
				CLANG_WARN_CONSTANT_CONVERSION = YES;
				CLANG_WARN_DEPRECATED_OBJC_IMPLEMENTATIONS = YES;
				CLANG_WARN_DIRECT_OBJC_ISA_USAGE = YES_ERROR;
				CLANG_WARN_DOCUMENTATION_COMMENTS = YES;
				CLANG_WARN_EMPTY_BODY = YES;
				CLANG_WARN_ENUM_CONVERSION = YES;
				CLANG_WARN_INFINITE_RECURSION = YES;
				CLANG_WARN_INT_CONVERSION = YES;
				CLANG_WARN_NON_LITERAL_NULL_CONVERSION = YES;
				CLANG_WARN_OBJC_IMPLICIT_RETAIN_SELF = YES;
				CLANG_WARN_OBJC_LITERAL_CONVERSION = YES;
				CLANG_WARN_OBJC_ROOT_CLASS = YES_ERROR;
				CLANG_WARN_RANGE_LOOP_ANALYSIS = YES;
				CLANG_WARN_STRICT_PROTOTYPES = YES;
				CLANG_WARN_SUSPICIOUS_MOVE = YES;
				CLANG_WARN_UNGUARDED_AVAILABILITY = YES_AGGRESSIVE;
				CLANG_WARN_UNREACHABLE_CODE = YES;
				CLANG_WARN__DUPLICATE_METHOD_MATCH = YES;
				CODE_SIGN_IDENTITY = "iPhone Developer";
				COPY_PHASE_STRIP = NO;
				DEBUG_INFORMATION_FORMAT = "dwarf-with-dsym";
				ENABLE_NS_ASSERTIONS = NO;
				ENABLE_STRICT_OBJC_MSGSEND = YES;
				GCC_C_LANGUAGE_STANDARD = gnu11;
				GCC_NO_COMMON_BLOCKS = YES;
				GCC_WARN_64_TO_32_BIT_CONVERSION = YES;
				GCC_WARN_ABOUT_RETURN_TYPE = YES_ERROR;
				GCC_WARN_UNDECLARED_SELECTOR = YES;
				GCC_WARN_UNINITIALIZED_AUTOS = YES_AGGRESSIVE;
				GCC_WARN_UNUSED_FUNCTION = YES;
				GCC_WARN_UNUSED_VARIABLE = YES;
				IPHONEOS_DEPLOYMENT_TARGET = 12.1;
				MTL_ENABLE_DEBUG_INFO = NO;
				MTL_FAST_MATH = YES;
				SDKROOT = iphoneos;
				SWIFT_COMPILATION_MODE = wholemodule;
				SWIFT_OPTIMIZATION_LEVEL = "-O";
				VALIDATE_PRODUCT = YES;
			};
			name = Release;
		};
		555223192329CA0900283887 /* Debug */ = {
			isa = XCBuildConfiguration;
			buildSettings = {
				ASSETCATALOG_COMPILER_APPICON_NAME = AppIcon;
				CODE_SIGN_STYLE = Automatic;
				INFOPLIST_FILE = calcIMC/Info.plist;
				LD_RUNPATH_SEARCH_PATHS = (
					"$(inherited)",
					"@executable_path/Frameworks",
				);
				PRODUCT_BUNDLE_IDENTIFIER = br.com.felipe.calcIMC;
				PRODUCT_NAME = "$(TARGET_NAME)";
				SWIFT_VERSION = 4.2;
				TARGETED_DEVICE_FAMILY = "1,2";
			};
			name = Debug;
		};
		5552231A2329CA0900283887 /* Release */ = {
			isa = XCBuildConfiguration;
			buildSettings = {
				ASSETCATALOG_COMPILER_APPICON_NAME = AppIcon;
				CODE_SIGN_STYLE = Automatic;
				INFOPLIST_FILE = calcIMC/Info.plist;
				LD_RUNPATH_SEARCH_PATHS = (
					"$(inherited)",
					"@executable_path/Frameworks",
				);
				PRODUCT_BUNDLE_IDENTIFIER = br.com.felipe.calcIMC;
				PRODUCT_NAME = "$(TARGET_NAME)";
				SWIFT_VERSION = 4.2;
				TARGETED_DEVICE_FAMILY = "1,2";
			};
			name = Release;
		};
		5552231C2329CA0900283887 /* Debug */ = {
			isa = XCBuildConfiguration;
			buildSettings = {
				ALWAYS_EMBED_SWIFT_STANDARD_LIBRARIES = YES;
				BUNDLE_LOADER = "$(TEST_HOST)";
				CODE_SIGN_STYLE = Automatic;
				INFOPLIST_FILE = calcIMCTests/Info.plist;
				LD_RUNPATH_SEARCH_PATHS = (
					"$(inherited)",
					"@executable_path/Frameworks",
					"@loader_path/Frameworks",
				);
				PRODUCT_BUNDLE_IDENTIFIER = br.com.felipe.calcIMCTests;
				PRODUCT_NAME = "$(TARGET_NAME)";
				SWIFT_VERSION = 4.2;
				TARGETED_DEVICE_FAMILY = "1,2";
				TEST_HOST = "$(BUILT_PRODUCTS_DIR)/calcIMC.app/calcIMC";
			};
			name = Debug;
		};
		5552231D2329CA0900283887 /* Release */ = {
			isa = XCBuildConfiguration;
			buildSettings = {
				ALWAYS_EMBED_SWIFT_STANDARD_LIBRARIES = YES;
				BUNDLE_LOADER = "$(TEST_HOST)";
				CODE_SIGN_STYLE = Automatic;
				INFOPLIST_FILE = calcIMCTests/Info.plist;
				LD_RUNPATH_SEARCH_PATHS = (
					"$(inherited)",
					"@executable_path/Frameworks",
					"@loader_path/Frameworks",
				);
				PRODUCT_BUNDLE_IDENTIFIER = br.com.felipe.calcIMCTests;
				PRODUCT_NAME = "$(TARGET_NAME)";
				SWIFT_VERSION = 4.2;
				TARGETED_DEVICE_FAMILY = "1,2";
				TEST_HOST = "$(BUILT_PRODUCTS_DIR)/calcIMC.app/calcIMC";
			};
			name = Release;
		};
		5552231F2329CA0900283887 /* Debug */ = {
			isa = XCBuildConfiguration;
			buildSettings = {
				ALWAYS_EMBED_SWIFT_STANDARD_LIBRARIES = YES;
				CODE_SIGN_STYLE = Automatic;
				INFOPLIST_FILE = calcIMCUITests/Info.plist;
				LD_RUNPATH_SEARCH_PATHS = (
					"$(inherited)",
					"@executable_path/Frameworks",
					"@loader_path/Frameworks",
				);
				PRODUCT_BUNDLE_IDENTIFIER = br.com.felipe.calcIMCUITests;
				PRODUCT_NAME = "$(TARGET_NAME)";
				SWIFT_VERSION = 4.2;
				TARGETED_DEVICE_FAMILY = "1,2";
				TEST_TARGET_NAME = calcIMC;
			};
			name = Debug;
		};
		555223202329CA0900283887 /* Release */ = {
			isa = XCBuildConfiguration;
			buildSettings = {
				ALWAYS_EMBED_SWIFT_STANDARD_LIBRARIES = YES;
				CODE_SIGN_STYLE = Automatic;
				INFOPLIST_FILE = calcIMCUITests/Info.plist;
				LD_RUNPATH_SEARCH_PATHS = (
					"$(inherited)",
					"@executable_path/Frameworks",
					"@loader_path/Frameworks",
				);
				PRODUCT_BUNDLE_IDENTIFIER = br.com.felipe.calcIMCUITests;
				PRODUCT_NAME = "$(TARGET_NAME)";
				SWIFT_VERSION = 4.2;
				TARGETED_DEVICE_FAMILY = "1,2";
				TEST_TARGET_NAME = calcIMC;
			};
			name = Release;
		};
/* End XCBuildConfiguration section */

/* Begin XCConfigurationList section */
		555222EB2329CA0800283887 /* Build configuration list for PBXProject "calcIMC" */ = {
			isa = XCConfigurationList;
			buildConfigurations = (
				555223162329CA0900283887 /* Debug */,
				555223172329CA0900283887 /* Release */,
			);
			defaultConfigurationIsVisible = 0;
			defaultConfigurationName = Release;
		};
		555223182329CA0900283887 /* Build configuration list for PBXNativeTarget "calcIMC" */ = {
			isa = XCConfigurationList;
			buildConfigurations = (
				555223192329CA0900283887 /* Debug */,
				5552231A2329CA0900283887 /* Release */,
			);
			defaultConfigurationIsVisible = 0;
			defaultConfigurationName = Release;
		};
		5552231B2329CA0900283887 /* Build configuration list for PBXNativeTarget "calcIMCTests" */ = {
			isa = XCConfigurationList;
			buildConfigurations = (
				5552231C2329CA0900283887 /* Debug */,
				5552231D2329CA0900283887 /* Release */,
			);
			defaultConfigurationIsVisible = 0;
			defaultConfigurationName = Release;
		};
		5552231E2329CA0900283887 /* Build configuration list for PBXNativeTarget "calcIMCUITests" */ = {
			isa = XCConfigurationList;
			buildConfigurations = (
				5552231F2329CA0900283887 /* Debug */,
				555223202329CA0900283887 /* Release */,
			);
			defaultConfigurationIsVisible = 0;
			defaultConfigurationName = Release;
		};
/* End XCConfigurationList section */
	};
	rootObject = 555222E82329CA0800283887 /* Project object */;
}
